// !$*UTF8*$!
{
	archiveVersion = 1;
	classes = {
	};
	objectVersion = 50;
	objects = {

/* Begin PBXBuildFile section */
		31EDB24C260B2DBC0058146D /* AppDelegate.swift in Sources */ = {isa = PBXBuildFile; fileRef = 31EDB24B260B2DBC0058146D /* AppDelegate.swift */; };
		31EDB24E260B2DBC0058146D /* SceneDelegate.swift in Sources */ = {isa = PBXBuildFile; fileRef = 31EDB24D260B2DBC0058146D /* SceneDelegate.swift */; };
		31EDB250260B2DBC0058146D /* ViewController.swift in Sources */ = {isa = PBXBuildFile; fileRef = 31EDB24F260B2DBC0058146D /* ViewController.swift */; };
		31EDB253260B2DBC0058146D /* Main.storyboard in Resources */ = {isa = PBXBuildFile; fileRef = 31EDB251260B2DBC0058146D /* Main.storyboard */; };
		31EDB255260B2DBE0058146D /* Assets.xcassets in Resources */ = {isa = PBXBuildFile; fileRef = 31EDB254260B2DBE0058146D /* Assets.xcassets */; };
		31EDB258260B2DBE0058146D /* LaunchScreen.storyboard in Resources */ = {isa = PBXBuildFile; fileRef = 31EDB256260B2DBE0058146D /* LaunchScreen.storyboard */; };
/* End PBXBuildFile section */

/* Begin PBXFileReference section */
		31EDB248260B2DBC0058146D /* First ios-node Project.app */ = {isa = PBXFileReference; explicitFileType = wrapper.application; includeInIndex = 0; path = "First ios-node Project.app"; sourceTree = BUILT_PRODUCTS_DIR; };
		31EDB24B260B2DBC0058146D /* AppDelegate.swift */ = {isa = PBXFileReference; lastKnownFileType = sourcecode.swift; path = AppDelegate.swift; sourceTree = "<group>"; };
		31EDB24D260B2DBC0058146D /* SceneDelegate.swift */ = {isa = PBXFileReference; lastKnownFileType = sourcecode.swift; path = SceneDelegate.swift; sourceTree = "<group>"; };
		31EDB24F260B2DBC0058146D /* ViewController.swift */ = {isa = PBXFileReference; lastKnownFileType = sourcecode.swift; path = ViewController.swift; sourceTree = "<group>"; };
		31EDB252260B2DBC0058146D /* Base */ = {isa = PBXFileReference; lastKnownFileType = file.storyboard; name = Base; path = Base.lproj/Main.storyboard; sourceTree = "<group>"; };
		31EDB254260B2DBE0058146D /* Assets.xcassets */ = {isa = PBXFileReference; lastKnownFileType = folder.assetcatalog; path = Assets.xcassets; sourceTree = "<group>"; };
		31EDB257260B2DBE0058146D /* Base */ = {isa = PBXFileReference; lastKnownFileType = file.storyboard; name = Base; path = Base.lproj/LaunchScreen.storyboard; sourceTree = "<group>"; };
		31EDB259260B2DBE0058146D /* Info.plist */ = {isa = PBXFileReference; lastKnownFileType = text.plist.xml; path = Info.plist; sourceTree = "<group>"; };
/* End PBXFileReference section */

/* Begin PBXFrameworksBuildPhase section */
		31EDB245260B2DBC0058146D /* Frameworks */ = {
			isa = PBXFrameworksBuildPhase;
			buildActionMask = 2147483647;
			files = (
			);
			runOnlyForDeploymentPostprocessing = 0;
		};
/* End PBXFrameworksBuildPhase section */

/* Begin PBXGroup section */
		31EDB23F260B2DBC0058146D = {
			isa = PBXGroup;
			children = (
				31EDB24A260B2DBC0058146D /* First ios-node Project */,
				31EDB249260B2DBC0058146D /* Products */,
			);
			sourceTree = "<group>";
		};
		31EDB249260B2DBC0058146D /* Products */ = {
			isa = PBXGroup;
			children = (
				31EDB248260B2DBC0058146D /* First ios-node Project.app */,
			);
			name = Products;
			sourceTree = "<group>";
		};
		31EDB24A260B2DBC0058146D /* First ios-node Project */ = {
			isa = PBXGroup;
			children = (
				31EDB24B260B2DBC0058146D /* AppDelegate.swift */,
				31EDB24D260B2DBC0058146D /* SceneDelegate.swift */,
				31EDB24F260B2DBC0058146D /* ViewController.swift */,
				31EDB251260B2DBC0058146D /* Main.storyboard */,
				31EDB254260B2DBE0058146D /* Assets.xcassets */,
				31EDB256260B2DBE0058146D /* LaunchScreen.storyboard */,
				31EDB259260B2DBE0058146D /* Info.plist */,
			);
			path = "First ios-node Project";
			sourceTree = "<group>";
		};
/* End PBXGroup section */

/* Begin PBXNativeTarget section */
		31EDB247260B2DBC0058146D /* First ios-node Project */ = {
			isa = PBXNativeTarget;
			buildConfigurationList = 31EDB25C260B2DBE0058146D /* Build configuration list for PBXNativeTarget "First ios-node Project" */;
			buildPhases = (
				31EDB244260B2DBC0058146D /* Sources */,
				31EDB245260B2DBC0058146D /* Frameworks */,
				31EDB246260B2DBC0058146D /* Resources */,
			);
			buildRules = (
			);
			dependencies = (
			);
			name = "First ios-node Project";
			productName = "First ios-node Project";
			productReference = 31EDB248260B2DBC0058146D /* First ios-node Project.app */;
			productType = "com.apple.product-type.application";
		};
/* End PBXNativeTarget section */

/* Begin PBXProject section */
		31EDB240260B2DBC0058146D /* Project object */ = {
			isa = PBXProject;
			attributes = {
				LastSwiftUpdateCheck = 1240;
				LastUpgradeCheck = 1240;
				TargetAttributes = {
					31EDB247260B2DBC0058146D = {
						CreatedOnToolsVersion = 12.4;
					};
				};
			};
			buildConfigurationList = 31EDB243260B2DBC0058146D /* Build configuration list for PBXProject "First ios-node Project" */;
			compatibilityVersion = "Xcode 9.3";
			developmentRegion = en;
			hasScannedForEncodings = 0;
			knownRegions = (
				en,
				Base,
			);
			mainGroup = 31EDB23F260B2DBC0058146D;
			productRefGroup = 31EDB249260B2DBC0058146D /* Products */;
			projectDirPath = "";
			projectRoot = "";
			targets = (
				31EDB247260B2DBC0058146D /* First ios-node Project */,
			);
		};
/* End PBXProject section */

/* Begin PBXResourcesBuildPhase section */
		31EDB246260B2DBC0058146D /* Resources */ = {
			isa = PBXResourcesBuildPhase;
			buildActionMask = 2147483647;
			files = (
				31EDB258260B2DBE0058146D /* LaunchScreen.storyboard in Resources */,
				31EDB255260B2DBE0058146D /* Assets.xcassets in Resources */,
				31EDB253260B2DBC0058146D /* Main.storyboard in Resources */,
			);
			runOnlyForDeploymentPostprocessing = 0;
		};
/* End PBXResourcesBuildPhase section */

/* Begin PBXSourcesBuildPhase section */
		31EDB244260B2DBC0058146D /* Sources */ = {
			isa = PBXSourcesBuildPhase;
			buildActionMask = 2147483647;
			files = (
				31EDB250260B2DBC0058146D /* ViewController.swift in Sources */,
				31EDB24C260B2DBC0058146D /* AppDelegate.swift in Sources */,
				31EDB24E260B2DBC0058146D /* SceneDelegate.swift in Sources */,
			);
			runOnlyForDeploymentPostprocessing = 0;
		};
/* End PBXSourcesBuildPhase section */

/* Begin PBXVariantGroup section */
		31EDB251260B2DBC0058146D /* Main.storyboard */ = {
			isa = PBXVariantGroup;
			children = (
				31EDB252260B2DBC0058146D /* Base */,
			);
			name = Main.storyboard;
			sourceTree = "<group>";
		};
		31EDB256260B2DBE0058146D /* LaunchScreen.storyboard */ = {
			isa = PBXVariantGroup;
			children = (
				31EDB257260B2DBE0058146D /* Base */,
			);
			name = LaunchScreen.storyboard;
			sourceTree = "<group>";
		};
/* End PBXVariantGroup section */

/* Begin XCBuildConfiguration section */
		31EDB25A260B2DBE0058146D /* Debug */ = {
			isa = XCBuildConfiguration;
			buildSettings = {
				ALWAYS_SEARCH_USER_PATHS = NO;
				CLANG_ANALYZER_NONNULL = YES;
				CLANG_ANALYZER_NUMBER_OBJECT_CONVERSION = YES_AGGRESSIVE;
				CLANG_CXX_LANGUAGE_STANDARD = "gnu++14";
				CLANG_CXX_LIBRARY = "libc++";
				CLANG_ENABLE_MODULES = YES;
				CLANG_ENABLE_OBJC_ARC = YES;
				CLANG_ENABLE_OBJC_WEAK = YES;
				CLANG_WARN_BLOCK_CAPTURE_AUTORELEASING = YES;
				CLANG_WARN_BOOL_CONVERSION = YES;
				CLANG_WARN_COMMA = YES;
				CLANG_WARN_CONSTANT_CONVERSION = YES;
				CLANG_WARN_DEPRECATED_OBJC_IMPLEMENTATIONS = YES;
				CLANG_WARN_DIRECT_OBJC_ISA_USAGE = YES_ERROR;
				CLANG_WARN_DOCUMENTATION_COMMENTS = YES;
				CLANG_WARN_EMPTY_BODY = YES;
				CLANG_WARN_ENUM_CONVERSION = YES;
				CLANG_WARN_INFINITE_RECURSION = YES;
				CLANG_WARN_INT_CONVERSION = YES;
				CLANG_WARN_NON_LITERAL_NULL_CONVERSION = YES;
				CLANG_WARN_OBJC_IMPLICIT_RETAIN_SELF = YES;
				CLANG_WARN_OBJC_LITERAL_CONVERSION = YES;
				CLANG_WARN_OBJC_ROOT_CLASS = YES_ERROR;
				CLANG_WARN_QUOTED_INCLUDE_IN_FRAMEWORK_HEADER = YES;
				CLANG_WARN_RANGE_LOOP_ANALYSIS = YES;
				CLANG_WARN_STRICT_PROTOTYPES = YES;
				CLANG_WARN_SUSPICIOUS_MOVE = YES;
				CLANG_WARN_UNGUARDED_AVAILABILITY = YES_AGGRESSIVE;
				CLANG_WARN_UNREACHABLE_CODE = YES;
				CLANG_WARN__DUPLICATE_METHOD_MATCH = YES;
				COPY_PHASE_STRIP = NO;
				DEBUG_INFORMATION_FORMAT = dwarf;
				ENABLE_STRICT_OBJC_MSGSEND = YES;
				ENABLE_TESTABILITY = YES;
				GCC_C_LANGUAGE_STANDARD = gnu11;
				GCC_DYNAMIC_NO_PIC = NO;
				GCC_NO_COMMON_BLOCKS = YES;
				GCC_OPTIMIZATION_LEVEL = 0;
				GCC_PREPROCESSOR_DEFINITIONS = (
					"DEBUG=1",
					"$(inherited)",
				);
				GCC_WARN_64_TO_32_BIT_CONVERSION = YES;
				GCC_WARN_ABOUT_RETURN_TYPE = YES_ERROR;
				GCC_WARN_UNDECLARED_SELECTOR = YES;
				GCC_WARN_UNINITIALIZED_AUTOS = YES_AGGRESSIVE;
				GCC_WARN_UNUSED_FUNCTION = YES;
				GCC_WARN_UNUSED_VARIABLE = YES;
				IPHONEOS_DEPLOYMENT_TARGET = 14.4;
				MTL_ENABLE_DEBUG_INFO = INCLUDE_SOURCE;
				MTL_FAST_MATH = YES;
				ONLY_ACTIVE_ARCH = YES;
				SDKROOT = iphoneos;
				SWIFT_ACTIVE_COMPILATION_CONDITIONS = DEBUG;
				SWIFT_OPTIMIZATION_LEVEL = "-Onone";
			};
			name = Debug;
		};
		31EDB25B260B2DBE0058146D /* Release */ = {
			isa = XCBuildConfiguration;
			buildSettings = {
				ALWAYS_SEARCH_USER_PATHS = NO;
				CLANG_ANALYZER_NONNULL = YES;
				CLANG_ANALYZER_NUMBER_OBJECT_CONVERSION = YES_AGGRESSIVE;
				CLANG_CXX_LANGUAGE_STANDARD = "gnu++14";
				CLANG_CXX_LIBRARY = "libc++";
				CLANG_ENABLE_MODULES = YES;
				CLANG_ENABLE_OBJC_ARC = YES;
				CLANG_ENABLE_OBJC_WEAK = YES;
				CLANG_WARN_BLOCK_CAPTURE_AUTORELEASING = YES;
				CLANG_WARN_BOOL_CONVERSION = YES;
				CLANG_WARN_COMMA = YES;
				CLANG_WARN_CONSTANT_CONVERSION = YES;
				CLANG_WARN_DEPRECATED_OBJC_IMPLEMENTATIONS = YES;
				CLANG_WARN_DIRECT_OBJC_ISA_USAGE = YES_ERROR;
				CLANG_WARN_DOCUMENTATION_COMMENTS = YES;
				CLANG_WARN_EMPTY_BODY = YES;
				CLANG_WARN_ENUM_CONVERSION = YES;
				CLANG_WARN_INFINITE_RECURSION = YES;
				CLANG_WARN_INT_CONVERSION = YES;
				CLANG_WARN_NON_LITERAL_NULL_CONVERSION = YES;
				CLANG_WARN_OBJC_IMPLICIT_RETAIN_SELF = YES;
				CLANG_WARN_OBJC_LITERAL_CONVERSION = YES;
				CLANG_WARN_OBJC_ROOT_CLASS = YES_ERROR;
				CLANG_WARN_QUOTED_INCLUDE_IN_FRAMEWORK_HEADER = YES;
				CLANG_WARN_RANGE_LOOP_ANALYSIS = YES;
				CLANG_WARN_STRICT_PROTOTYPES = YES;
				CLANG_WARN_SUSPICIOUS_MOVE = YES;
				CLANG_WARN_UNGUARDED_AVAILABILITY = YES_AGGRESSIVE;
				CLANG_WARN_UNREACHABLE_CODE = YES;
				CLANG_WARN__DUPLICATE_METHOD_MATCH = YES;
				COPY_PHASE_STRIP = NO;
				DEBUG_INFORMATION_FORMAT = "dwarf-with-dsym";
				ENABLE_NS_ASSERTIONS = NO;
				ENABLE_STRICT_OBJC_MSGSEND = YES;
				GCC_C_LANGUAGE_STANDARD = gnu11;
				GCC_NO_COMMON_BLOCKS = YES;
				GCC_WARN_64_TO_32_BIT_CONVERSION = YES;
				GCC_WARN_ABOUT_RETURN_TYPE = YES_ERROR;
				GCC_WARN_UNDECLARED_SELECTOR = YES;
				GCC_WARN_UNINITIALIZED_AUTOS = YES_AGGRESSIVE;
				GCC_WARN_UNUSED_FUNCTION = YES;
				GCC_WARN_UNUSED_VARIABLE = YES;
				IPHONEOS_DEPLOYMENT_TARGET = 14.4;
				MTL_ENABLE_DEBUG_INFO = NO;
				MTL_FAST_MATH = YES;
				SDKROOT = iphoneos;
				SWIFT_COMPILATION_MODE = wholemodule;
				SWIFT_OPTIMIZATION_LEVEL = "-O";
				VALIDATE_PRODUCT = YES;
			};
			name = Release;
		};
		31EDB25D260B2DBE0058146D /* Debug */ = {
			isa = XCBuildConfiguration;
			buildSettings = {
				ASSETCATALOG_COMPILER_APPICON_NAME = AppIcon;
				ASSETCATALOG_COMPILER_GLOBAL_ACCENT_COLOR_NAME = AccentColor;
				CODE_SIGN_STYLE = Automatic;
				DEVELOPMENT_TEAM = 7DY6Z945T9;
				INFOPLIST_FILE = "First ios-node Project/Info.plist";
				LD_RUNPATH_SEARCH_PATHS = (
					"$(inherited)",
					"@executable_path/Frameworks",
				);
				PRODUCT_BUNDLE_IDENTIFIER = "io.samLee.First-ios-node-Project";
				PRODUCT_NAME = "$(TARGET_NAME)";
				SWIFT_VERSION = 5.0;
				TARGETED_DEVICE_FAMILY = "1,2";
			};
			name = Debug;
		};
		31EDB25E260B2DBE0058146D /* Release */ = {
			isa = XCBuildConfiguration;
			buildSettings = {
				ASSETCATALOG_COMPILER_APPICON_NAME = AppIcon;
				ASSETCATALOG_COMPILER_GLOBAL_ACCENT_COLOR_NAME = AccentColor;
				CODE_SIGN_STYLE = Automatic;
				DEVELOPMENT_TEAM = 7DY6Z945T9;
				INFOPLIST_FILE = "First ios-node Project/Info.plist";
				LD_RUNPATH_SEARCH_PATHS = (
					"$(inherited)",
					"@executable_path/Frameworks",
				);
				PRODUCT_BUNDLE_IDENTIFIER = "io.samLee.First-ios-node-Project";
				PRODUCT_NAME = "$(TARGET_NAME)";
				SWIFT_VERSION = 5.0;
				TARGETED_DEVICE_FAMILY = "1,2";
			};
			name = Release;
		};
/* End XCBuildConfiguration section */

/* Begin XCConfigurationList section */
		31EDB243260B2DBC0058146D /* Build configuration list for PBXProject "First ios-node Project" */ = {
			isa = XCConfigurationList;
			buildConfigurations = (
				31EDB25A260B2DBE0058146D /* Debug */,
				31EDB25B260B2DBE0058146D /* Release */,
			);
			defaultConfigurationIsVisible = 0;
			defaultConfigurationName = Release;
		};
		31EDB25C260B2DBE0058146D /* Build configuration list for PBXNativeTarget "First ios-node Project" */ = {
			isa = XCConfigurationList;
			buildConfigurations = (
				31EDB25D260B2DBE0058146D /* Debug */,
				31EDB25E260B2DBE0058146D /* Release */,
			);
			defaultConfigurationIsVisible = 0;
			defaultConfigurationName = Release;
		};
/* End XCConfigurationList section */
	};
	rootObject = 31EDB240260B2DBC0058146D /* Project object */;
}
